
Microsoft Visual Studio Solution File, Format Version 12.00
# Visual Studio 2013
VisualStudioVersion = 12.0.40629.0
MinimumVisualStudioVersion = 10.0.40219.1
Project("{FAE04EC0-301F-11D3-BF4B-00C04F79EFBC}") = "testEncrypt", "testEncrypt\testEncrypt.csproj", "{CD290B2E-7B10-4A32-BE77-3F601A42278B}"
EndProject
Global
	GlobalSection(SolutionConfigurationPlatforms) = preSolution
		Debug|Any CPU = Debug|Any CPU
		Release|Any CPU = Release|Any CPU
	EndGlobalSection
	GlobalSection(ProjectConfigurationPlatforms) = postSolution
		{CD290B2E-7B10-4A32-BE77-3F601A42278B}.Debug|Any CPU.ActiveCfg = Debug|Any CPU
		{CD290B2E-7B10-4A32-BE77-3F601A42278B}.Debug|Any CPU.Build.0 = Debug|Any CPU
		{CD290B2E-7B10-4A32-BE77-3F601A42278B}.Release|Any CPU.ActiveCfg = Release|Any CPU
		{CD290B2E-7B10-4A32-BE77-3F601A42278B}.Release|Any CPU.Build.0 = Release|Any CPU
	EndGlobalSection
	GlobalSection(SolutionProperties) = preSolution
		HideSolutionNode = FALSE
	EndGlobalSection
EndGlobal
